
Microsoft Visual Studio Solution File, Format Version 12.00
# Visual Studio Version 16
VisualStudioVersion = 16.0.29905.134
MinimumVisualStudioVersion = 10.0.40219.1
Project("{FAE04EC0-301F-11D3-BF4B-00C04F79EFBC}") = "TestDrive.UWP", "TestDrive\TestDrive.UWP\TestDrive.UWP.csproj", "{3970C856-D4A3-495A-8F60-8B2BE2FA7FA7}"
EndProject
Project("{FAE04EC0-301F-11D3-BF4B-00C04F79EFBC}") = "TestDrive.Android", "TestDrive\TestDrive.Android\TestDrive.Android.csproj", "{05CE0D49-52F8-4A99-A6F6-A14472BBE76C}"
EndProject
Project("{FAE04EC0-301F-11D3-BF4B-00C04F79EFBC}") = "TestDrive.iOS", "TestDrive\TestDrive.iOS\TestDrive.iOS.csproj", "{70134903-76FC-4C20-BC49-2D57218FCAF8}"
EndProject
Project("{FAE04EC0-301F-11D3-BF4B-00C04F79EFBC}") = "TestDrive", "TestDrive\TestDrive\TestDrive.csproj", "{A4FE6916-1853-42C4-8243-B0907E4A30E0}"
EndProject
Global
	GlobalSection(SolutionConfigurationPlatforms) = preSolution
		Debug|Any CPU = Debug|Any CPU
		Debug|ARM = Debug|ARM
		Debug|iPhone = Debug|iPhone
		Debug|iPhoneSimulator = Debug|iPhoneSimulator
		Debug|x64 = Debug|x64
		Debug|x86 = Debug|x86
		Release|Any CPU = Release|Any CPU
		Release|ARM = Release|ARM
		Release|iPhone = Release|iPhone
		Release|iPhoneSimulator = Release|iPhoneSimulator
		Release|x64 = Release|x64
		Release|x86 = Release|x86
	EndGlobalSection
	GlobalSection(ProjectConfigurationPlatforms) = postSolution
		{3970C856-D4A3-495A-8F60-8B2BE2FA7FA7}.Debug|Any CPU.ActiveCfg = Debug|x86
		{3970C856-D4A3-495A-8F60-8B2BE2FA7FA7}.Debug|Any CPU.Build.0 = Debug|x86
		{3970C856-D4A3-495A-8F60-8B2BE2FA7FA7}.Debug|Any CPU.Deploy.0 = Debug|x86
		{3970C856-D4A3-495A-8F60-8B2BE2FA7FA7}.Debug|ARM.ActiveCfg = Debug|ARM
		{3970C856-D4A3-495A-8F60-8B2BE2FA7FA7}.Debug|ARM.Build.0 = Debug|ARM
		{3970C856-D4A3-495A-8F60-8B2BE2FA7FA7}.Debug|ARM.Deploy.0 = Debug|ARM
		{3970C856-D4A3-495A-8F60-8B2BE2FA7FA7}.Debug|iPhone.ActiveCfg = Debug|x86
		{3970C856-D4A3-495A-8F60-8B2BE2FA7FA7}.Debug|iPhone.Build.0 = Debug|x86
		{3970C856-D4A3-495A-8F60-8B2BE2FA7FA7}.Debug|iPhone.Deploy.0 = Debug|x86
		{3970C856-D4A3-495A-8F60-8B2BE2FA7FA7}.Debug|iPhoneSimulator.ActiveCfg = Debug|x86
		{3970C856-D4A3-495A-8F60-8B2BE2FA7FA7}.Debug|iPhoneSimulator.Build.0 = Debug|x86
		{3970C856-D4A3-495A-8F60-8B2BE2FA7FA7}.Debug|iPhoneSimulator.Deploy.0 = Debug|x86
		{3970C856-D4A3-495A-8F60-8B2BE2FA7FA7}.Debug|x64.ActiveCfg = Debug|x64
		{3970C856-D4A3-495A-8F60-8B2BE2FA7FA7}.Debug|x64.Build.0 = Debug|x64
		{3970C856-D4A3-495A-8F60-8B2BE2FA7FA7}.Debug|x64.Deploy.0 = Debug|x64
		{3970C856-D4A3-495A-8F60-8B2BE2FA7FA7}.Debug|x86.ActiveCfg = Debug|x86
		{3970C856-D4A3-495A-8F60-8B2BE2FA7FA7}.Debug|x86.Build.0 = Debug|x86
		{3970C856-D4A3-495A-8F60-8B2BE2FA7FA7}.Debug|x86.Deploy.0 = Debug|x86
		{3970C856-D4A3-495A-8F60-8B2BE2FA7FA7}.Release|Any CPU.ActiveCfg = Release|x86
		{3970C856-D4A3-495A-8F60-8B2BE2FA7FA7}.Release|Any CPU.Build.0 = Release|x86
		{3970C856-D4A3-495A-8F60-8B2BE2FA7FA7}.Release|Any CPU.Deploy.0 = Release|x86
		{3970C856-D4A3-495A-8F60-8B2BE2FA7FA7}.Release|ARM.ActiveCfg = Release|ARM
		{3970C856-D4A3-495A-8F60-8B2BE2FA7FA7}.Release|ARM.Build.0 = Release|ARM
		{3970C856-D4A3-495A-8F60-8B2BE2FA7FA7}.Release|ARM.Deploy.0 = Release|ARM
		{3970C856-D4A3-495A-8F60-8B2BE2FA7FA7}.Release|iPhone.ActiveCfg = Release|x86
		{3970C856-D4A3-495A-8F60-8B2BE2FA7FA7}.Release|iPhone.Build.0 = Release|x86
		{3970C856-D4A3-495A-8F60-8B2BE2FA7FA7}.Release|iPhone.Deploy.0 = Release|x86
		{3970C856-D4A3-495A-8F60-8B2BE2FA7FA7}.Release|iPhoneSimulator.ActiveCfg = Release|x86
		{3970C856-D4A3-495A-8F60-8B2BE2FA7FA7}.Release|iPhoneSimulator.Build.0 = Release|x86
		{3970C856-D4A3-495A-8F60-8B2BE2FA7FA7}.Release|iPhoneSimulator.Deploy.0 = Release|x86
		{3970C856-D4A3-495A-8F60-8B2BE2FA7FA7}.Release|x64.ActiveCfg = Release|x64
		{3970C856-D4A3-495A-8F60-8B2BE2FA7FA7}.Release|x64.Build.0 = Release|x64
		{3970C856-D4A3-495A-8F60-8B2BE2FA7FA7}.Release|x64.Deploy.0 = Release|x64
		{3970C856-D4A3-495A-8F60-8B2BE2FA7FA7}.Release|x86.ActiveCfg = Release|x86
		{3970C856-D4A3-495A-8F60-8B2BE2FA7FA7}.Release|x86.Build.0 = Release|x86
		{3970C856-D4A3-495A-8F60-8B2BE2FA7FA7}.Release|x86.Deploy.0 = Release|x86
		{05CE0D49-52F8-4A99-A6F6-A14472BBE76C}.Debug|Any CPU.ActiveCfg = Debug|Any CPU
		{05CE0D49-52F8-4A99-A6F6-A14472BBE76C}.Debug|Any CPU.Build.0 = Debug|Any CPU
		{05CE0D49-52F8-4A99-A6F6-A14472BBE76C}.Debug|Any CPU.Deploy.0 = Debug|Any CPU
		{05CE0D49-52F8-4A99-A6F6-A14472BBE76C}.Debug|ARM.ActiveCfg = Debug|Any CPU
		{05CE0D49-52F8-4A99-A6F6-A14472BBE76C}.Debug|ARM.Build.0 = Debug|Any CPU
		{05CE0D49-52F8-4A99-A6F6-A14472BBE76C}.Debug|ARM.Deploy.0 = Debug|Any CPU
		{05CE0D49-52F8-4A99-A6F6-A14472BBE76C}.Debug|iPhone.ActiveCfg = Debug|Any CPU
		{05CE0D49-52F8-4A99-A6F6-A14472BBE76C}.Debug|iPhone.Build.0 = Debug|Any CPU
		{05CE0D49-52F8-4A99-A6F6-A14472BBE76C}.Debug|iPhone.Deploy.0 = Debug|Any CPU
		{05CE0D49-52F8-4A99-A6F6-A14472BBE76C}.Debug|iPhoneSimulator.ActiveCfg = Debug|Any CPU
		{05CE0D49-52F8-4A99-A6F6-A14472BBE76C}.Debug|iPhoneSimulator.Build.0 = Debug|Any CPU
		{05CE0D49-52F8-4A99-A6F6-A14472BBE76C}.Debug|iPhoneSimulator.Deploy.0 = Debug|Any CPU
		{05CE0D49-52F8-4A99-A6F6-A14472BBE76C}.Debug|x64.ActiveCfg = Debug|Any CPU
		{05CE0D49-52F8-4A99-A6F6-A14472BBE76C}.Debug|x64.Build.0 = Debug|Any CPU
		{05CE0D49-52F8-4A99-A6F6-A14472BBE76C}.Debug|x64.Deploy.0 = Debug|Any CPU
		{05CE0D49-52F8-4A99-A6F6-A14472BBE76C}.Debug|x86.ActiveCfg = Debug|Any CPU
		{05CE0D49-52F8-4A99-A6F6-A14472BBE76C}.Debug|x86.Build.0 = Debug|Any CPU
		{05CE0D49-52F8-4A99-A6F6-A14472BBE76C}.Debug|x86.Deploy.0 = Debug|Any CPU
		{05CE0D49-52F8-4A99-A6F6-A14472BBE76C}.Release|Any CPU.ActiveCfg = Release|Any CPU
		{05CE0D49-52F8-4A99-A6F6-A14472BBE76C}.Release|Any CPU.Build.0 = Release|Any CPU
		{05CE0D49-52F8-4A99-A6F6-A14472BBE76C}.Release|Any CPU.Deploy.0 = Release|Any CPU
		{05CE0D49-52F8-4A99-A6F6-A14472BBE76C}.Release|ARM.ActiveCfg = Release|Any CPU
		{05CE0D49-52F8-4A99-A6F6-A14472BBE76C}.Release|ARM.Build.0 = Release|Any CPU
		{05CE0D49-52F8-4A99-A6F6-A14472BBE76C}.Release|ARM.Deploy.0 = Release|Any CPU
		{05CE0D49-52F8-4A99-A6F6-A14472BBE76C}.Release|iPhone.ActiveCfg = Release|Any CPU
		{05CE0D49-52F8-4A99-A6F6-A14472BBE76C}.Release|iPhone.Build.0 = Release|Any CPU
		{05CE0D49-52F8-4A99-A6F6-A14472BBE76C}.Release|iPhone.Deploy.0 = Release|Any CPU
		{05CE0D49-52F8-4A99-A6F6-A14472BBE76C}.Release|iPhoneSimulator.ActiveCfg = Release|Any CPU
		{05CE0D49-52F8-4A99-A6F6-A14472BBE76C}.Release|iPhoneSimulator.Build.0 = Release|Any CPU
		{05CE0D49-52F8-4A99-A6F6-A14472BBE76C}.Release|iPhoneSimulator.Deploy.0 = Release|Any CPU
		{05CE0D49-52F8-4A99-A6F6-A14472BBE76C}.Release|x64.ActiveCfg = Release|Any CPU
		{05CE0D49-52F8-4A99-A6F6-A14472BBE76C}.Release|x64.Build.0 = Release|Any CPU
		{05CE0D49-52F8-4A99-A6F6-A14472BBE76C}.Release|x64.Deploy.0 = Release|Any CPU
		{05CE0D49-52F8-4A99-A6F6-A14472BBE76C}.Release|x86.ActiveCfg = Release|Any CPU
		{05CE0D49-52F8-4A99-A6F6-A14472BBE76C}.Release|x86.Build.0 = Release|Any CPU
		{05CE0D49-52F8-4A99-A6F6-A14472BBE76C}.Release|x86.Deploy.0 = Release|Any CPU
		{70134903-76FC-4C20-BC49-2D57218FCAF8}.Debug|Any CPU.ActiveCfg = Debug|iPhone
		{70134903-76FC-4C20-BC49-2D57218FCAF8}.Debug|Any CPU.Build.0 = Debug|iPhone
		{70134903-76FC-4C20-BC49-2D57218FCAF8}.Debug|Any CPU.Deploy.0 = Debug|iPhone
		{70134903-76FC-4C20-BC49-2D57218FCAF8}.Debug|ARM.ActiveCfg = Debug|iPhoneSimulator
		{70134903-76FC-4C20-BC49-2D57218FCAF8}.Debug|ARM.Build.0 = Debug|iPhoneSimulator
		{70134903-76FC-4C20-BC49-2D57218FCAF8}.Debug|ARM.Deploy.0 = Debug|iPhoneSimulator
		{70134903-76FC-4C20-BC49-2D57218FCAF8}.Debug|iPhone.ActiveCfg = Debug|iPhone
		{70134903-76FC-4C20-BC49-2D57218FCAF8}.Debug|iPhone.Build.0 = Debug|iPhone
		{70134903-76FC-4C20-BC49-2D57218FCAF8}.Debug|iPhone.Deploy.0 = Debug|iPhone
		{70134903-76FC-4C20-BC49-2D57218FCAF8}.Debug|iPhoneSimulator.ActiveCfg = Debug|iPhoneSimulator
		{70134903-76FC-4C20-BC49-2D57218FCAF8}.Debug|iPhoneSimulator.Build.0 = Debug|iPhoneSimulator
		{70134903-76FC-4C20-BC49-2D57218FCAF8}.Debug|iPhoneSimulator.Deploy.0 = Debug|iPhoneSimulator
		{70134903-76FC-4C20-BC49-2D57218FCAF8}.Debug|x64.ActiveCfg = Debug|iPhone
		{70134903-76FC-4C20-BC49-2D57218FCAF8}.Debug|x64.Build.0 = Debug|iPhone
		{70134903-76FC-4C20-BC49-2D57218FCAF8}.Debug|x64.Deploy.0 = Debug|iPhone
		{70134903-76FC-4C20-BC49-2D57218FCAF8}.Debug|x86.ActiveCfg = Debug|iPhone
		{70134903-76FC-4C20-BC49-2D57218FCAF8}.Debug|x86.Deploy.0 = Debug|iPhone
		{70134903-76FC-4C20-BC49-2D57218FCAF8}.Release|Any CPU.ActiveCfg = Release|iPhone
		{70134903-76FC-4C20-BC49-2D57218FCAF8}.Release|Any CPU.Build.0 = Release|iPhone
		{70134903-76FC-4C20-BC49-2D57218FCAF8}.Release|Any CPU.Deploy.0 = Release|iPhone
		{70134903-76FC-4C20-BC49-2D57218FCAF8}.Release|ARM.ActiveCfg = Release|iPhone
		{70134903-76FC-4C20-BC49-2D57218FCAF8}.Release|ARM.Build.0 = Release|iPhone
		{70134903-76FC-4C20-BC49-2D57218FCAF8}.Release|ARM.Deploy.0 = Release|iPhone
		{70134903-76FC-4C20-BC49-2D57218FCAF8}.Release|iPhone.ActiveCfg = Release|iPhone
		{70134903-76FC-4C20-BC49-2D57218FCAF8}.Release|iPhone.Build.0 = Release|iPhone
		{70134903-76FC-4C20-BC49-2D57218FCAF8}.Release|iPhone.Deploy.0 = Release|iPhone
		{70134903-76FC-4C20-BC49-2D57218FCAF8}.Release|iPhoneSimulator.ActiveCfg = Release|iPhoneSimulator
		{70134903-76FC-4C20-BC49-2D57218FCAF8}.Release|iPhoneSimulator.Build.0 = Release|iPhoneSimulator
		{70134903-76FC-4C20-BC49-2D57218FCAF8}.Release|iPhoneSimulator.Deploy.0 = Release|iPhoneSimulator
		{70134903-76FC-4C20-BC49-2D57218FCAF8}.Release|x64.ActiveCfg = Release|iPhone
		{70134903-76FC-4C20-BC49-2D57218FCAF8}.Release|x64.Build.0 = Release|iPhone
		{70134903-76FC-4C20-BC49-2D57218FCAF8}.Release|x64.Deploy.0 = Release|iPhone
		{70134903-76FC-4C20-BC49-2D57218FCAF8}.Release|x86.ActiveCfg = Release|iPhone
		{70134903-76FC-4C20-BC49-2D57218FCAF8}.Release|x86.Build.0 = Release|iPhone
		{70134903-76FC-4C20-BC49-2D57218FCAF8}.Release|x86.Deploy.0 = Release|iPhone
		{A4FE6916-1853-42C4-8243-B0907E4A30E0}.Debug|Any CPU.ActiveCfg = Debug|Any CPU
		{A4FE6916-1853-42C4-8243-B0907E4A30E0}.Debug|Any CPU.Build.0 = Debug|Any CPU
		{A4FE6916-1853-42C4-8243-B0907E4A30E0}.Debug|Any CPU.Deploy.0 = Debug|Any CPU
		{A4FE6916-1853-42C4-8243-B0907E4A30E0}.Debug|ARM.ActiveCfg = Debug|Any CPU
		{A4FE6916-1853-42C4-8243-B0907E4A30E0}.Debug|ARM.Build.0 = Debug|Any CPU
		{A4FE6916-1853-42C4-8243-B0907E4A30E0}.Debug|ARM.Deploy.0 = Debug|Any CPU
		{A4FE6916-1853-42C4-8243-B0907E4A30E0}.Debug|iPhone.ActiveCfg = Debug|Any CPU
		{A4FE6916-1853-42C4-8243-B0907E4A30E0}.Debug|iPhone.Build.0 = Debug|Any CPU
		{A4FE6916-1853-42C4-8243-B0907E4A30E0}.Debug|iPhone.Deploy.0 = Debug|Any CPU
		{A4FE6916-1853-42C4-8243-B0907E4A30E0}.Debug|iPhoneSimulator.ActiveCfg = Debug|Any CPU
		{A4FE6916-1853-42C4-8243-B0907E4A30E0}.Debug|iPhoneSimulator.Build.0 = Debug|Any CPU
		{A4FE6916-1853-42C4-8243-B0907E4A30E0}.Debug|iPhoneSimulator.Deploy.0 = Debug|Any CPU
		{A4FE6916-1853-42C4-8243-B0907E4A30E0}.Debug|x64.ActiveCfg = Debug|Any CPU
		{A4FE6916-1853-42C4-8243-B0907E4A30E0}.Debug|x64.Build.0 = Debug|Any CPU
		{A4FE6916-1853-42C4-8243-B0907E4A30E0}.Debug|x64.Deploy.0 = Debug|Any CPU
		{A4FE6916-1853-42C4-8243-B0907E4A30E0}.Debug|x86.ActiveCfg = Debug|Any CPU
		{A4FE6916-1853-42C4-8243-B0907E4A30E0}.Debug|x86.Build.0 = Debug|Any CPU
		{A4FE6916-1853-42C4-8243-B0907E4A30E0}.Debug|x86.Deploy.0 = Debug|Any CPU
		{A4FE6916-1853-42C4-8243-B0907E4A30E0}.Release|Any CPU.ActiveCfg = Release|Any CPU
		{A4FE6916-1853-42C4-8243-B0907E4A30E0}.Release|Any CPU.Build.0 = Release|Any CPU
		{A4FE6916-1853-42C4-8243-B0907E4A30E0}.Release|Any CPU.Deploy.0 = Release|Any CPU
		{A4FE6916-1853-42C4-8243-B0907E4A30E0}.Release|ARM.ActiveCfg = Release|Any CPU
		{A4FE6916-1853-42C4-8243-B0907E4A30E0}.Release|ARM.Build.0 = Release|Any CPU
		{A4FE6916-1853-42C4-8243-B0907E4A30E0}.Release|ARM.Deploy.0 = Release|Any CPU
		{A4FE6916-1853-42C4-8243-B0907E4A30E0}.Release|iPhone.ActiveCfg = Release|Any CPU
		{A4FE6916-1853-42C4-8243-B0907E4A30E0}.Release|iPhone.Build.0 = Release|Any CPU
		{A4FE6916-1853-42C4-8243-B0907E4A30E0}.Release|iPhone.Deploy.0 = Release|Any CPU
		{A4FE6916-1853-42C4-8243-B0907E4A30E0}.Release|iPhoneSimulator.ActiveCfg = Release|Any CPU
		{A4FE6916-1853-42C4-8243-B0907E4A30E0}.Release|iPhoneSimulator.Build.0 = Release|Any CPU
		{A4FE6916-1853-42C4-8243-B0907E4A30E0}.Release|iPhoneSimulator.Deploy.0 = Release|Any CPU
		{A4FE6916-1853-42C4-8243-B0907E4A30E0}.Release|x64.ActiveCfg = Release|Any CPU
		{A4FE6916-1853-42C4-8243-B0907E4A30E0}.Release|x64.Build.0 = Release|Any CPU
		{A4FE6916-1853-42C4-8243-B0907E4A30E0}.Release|x64.Deploy.0 = Release|Any CPU
		{A4FE6916-1853-42C4-8243-B0907E4A30E0}.Release|x86.ActiveCfg = Release|Any CPU
		{A4FE6916-1853-42C4-8243-B0907E4A30E0}.Release|x86.Build.0 = Release|Any CPU
		{A4FE6916-1853-42C4-8243-B0907E4A30E0}.Release|x86.Deploy.0 = Release|Any CPU
	EndGlobalSection
	GlobalSection(SolutionProperties) = preSolution
		HideSolutionNode = FALSE
	EndGlobalSection
	GlobalSection(ExtensibilityGlobals) = postSolution
		SolutionGuid = {BE668945-80F9-40A6-9EEB-CB830E268C3A}
	EndGlobalSection
EndGlobal
